
Microsoft Visual Studio Solution File, Format Version 12.00
# Visual Studio 15
VisualStudioVersion = 15.0.27703.2018
MinimumVisualStudioVersion = 10.0.40219.1
Project("{FAE04EC0-301F-11D3-BF4B-00C04F79EFBC}") = "App01_ConsultarCEP.Android", "App01_ConsultarCEP\App01_ConsultarCEP.Android\App01_ConsultarCEP.Android.csproj", "{D07F295D-6960-4BA8-BCF8-14AC9E8E3901}"
EndProject
Project("{FAE04EC0-301F-11D3-BF4B-00C04F79EFBC}") = "App01_ConsultarCEP.iOS", "App01_ConsultarCEP\App01_ConsultarCEP.iOS\App01_ConsultarCEP.iOS.csproj", "{49D0A9A2-CBC6-495C-B7D4-ADFF2A583652}"
EndProject
Project("{FAE04EC0-301F-11D3-BF4B-00C04F79EFBC}") = "App01_ConsultarCEP.UWP", "App01_ConsultarCEP\App01_ConsultarCEP.UWP\App01_ConsultarCEP.UWP.csproj", "{DE186B2C-6D70-4848-B5C0-0B6813ACB97D}"
EndProject
Project("{D954291E-2A0B-460D-934E-DC6B0785DB48}") = "App01_ConsultarCEP", "App01_ConsultarCEP\App01_ConsultarCEP\App01_ConsultarCEP.shproj", "{F6A49F63-0759-460E-83BC-76E9393A16D4}"
EndProject
Global
	GlobalSection(SharedMSBuildProjectFiles) = preSolution
		App01_ConsultarCEP\App01_ConsultarCEP\App01_ConsultarCEP.projitems*{49d0a9a2-cbc6-495c-b7d4-adff2a583652}*SharedItemsImports = 4
		App01_ConsultarCEP\App01_ConsultarCEP\App01_ConsultarCEP.projitems*{d07f295d-6960-4ba8-bcf8-14ac9e8e3901}*SharedItemsImports = 4
		App01_ConsultarCEP\App01_ConsultarCEP\App01_ConsultarCEP.projitems*{de186b2c-6d70-4848-b5c0-0b6813acb97d}*SharedItemsImports = 4
		App01_ConsultarCEP\App01_ConsultarCEP\App01_ConsultarCEP.projitems*{f6a49f63-0759-460e-83bc-76e9393a16d4}*SharedItemsImports = 13
	EndGlobalSection
	GlobalSection(SolutionConfigurationPlatforms) = preSolution
		Ad-Hoc|Any CPU = Ad-Hoc|Any CPU
		Ad-Hoc|ARM = Ad-Hoc|ARM
		Ad-Hoc|iPhone = Ad-Hoc|iPhone
		Ad-Hoc|iPhoneSimulator = Ad-Hoc|iPhoneSimulator
		Ad-Hoc|x64 = Ad-Hoc|x64
		Ad-Hoc|x86 = Ad-Hoc|x86
		AppStore|Any CPU = AppStore|Any CPU
		AppStore|ARM = AppStore|ARM
		AppStore|iPhone = AppStore|iPhone
		AppStore|iPhoneSimulator = AppStore|iPhoneSimulator
		AppStore|x64 = AppStore|x64
		AppStore|x86 = AppStore|x86
		Debug|Any CPU = Debug|Any CPU
		Debug|ARM = Debug|ARM
		Debug|iPhone = Debug|iPhone
		Debug|iPhoneSimulator = Debug|iPhoneSimulator
		Debug|x64 = Debug|x64
		Debug|x86 = Debug|x86
		Release|Any CPU = Release|Any CPU
		Release|ARM = Release|ARM
		Release|iPhone = Release|iPhone
		Release|iPhoneSimulator = Release|iPhoneSimulator
		Release|x64 = Release|x64
		Release|x86 = Release|x86
	EndGlobalSection
	GlobalSection(ProjectConfigurationPlatforms) = postSolution
		{D07F295D-6960-4BA8-BCF8-14AC9E8E3901}.Ad-Hoc|Any CPU.ActiveCfg = Release|Any CPU
		{D07F295D-6960-4BA8-BCF8-14AC9E8E3901}.Ad-Hoc|Any CPU.Build.0 = Release|Any CPU
		{D07F295D-6960-4BA8-BCF8-14AC9E8E3901}.Ad-Hoc|Any CPU.Deploy.0 = Release|Any CPU
		{D07F295D-6960-4BA8-BCF8-14AC9E8E3901}.Ad-Hoc|ARM.ActiveCfg = Release|Any CPU
		{D07F295D-6960-4BA8-BCF8-14AC9E8E3901}.Ad-Hoc|ARM.Build.0 = Release|Any CPU
		{D07F295D-6960-4BA8-BCF8-14AC9E8E3901}.Ad-Hoc|ARM.Deploy.0 = Release|Any CPU
		{D07F295D-6960-4BA8-BCF8-14AC9E8E3901}.Ad-Hoc|iPhone.ActiveCfg = Release|Any CPU
		{D07F295D-6960-4BA8-BCF8-14AC9E8E3901}.Ad-Hoc|iPhone.Build.0 = Release|Any CPU
		{D07F295D-6960-4BA8-BCF8-14AC9E8E3901}.Ad-Hoc|iPhone.Deploy.0 = Release|Any CPU
		{D07F295D-6960-4BA8-BCF8-14AC9E8E3901}.Ad-Hoc|iPhoneSimulator.ActiveCfg = Release|Any CPU
		{D07F295D-6960-4BA8-BCF8-14AC9E8E3901}.Ad-Hoc|iPhoneSimulator.Build.0 = Release|Any CPU
		{D07F295D-6960-4BA8-BCF8-14AC9E8E3901}.Ad-Hoc|iPhoneSimulator.Deploy.0 = Release|Any CPU
		{D07F295D-6960-4BA8-BCF8-14AC9E8E3901}.Ad-Hoc|x64.ActiveCfg = Release|Any CPU
		{D07F295D-6960-4BA8-BCF8-14AC9E8E3901}.Ad-Hoc|x64.Build.0 = Release|Any CPU
		{D07F295D-6960-4BA8-BCF8-14AC9E8E3901}.Ad-Hoc|x64.Deploy.0 = Release|Any CPU
		{D07F295D-6960-4BA8-BCF8-14AC9E8E3901}.Ad-Hoc|x86.ActiveCfg = Release|Any CPU
		{D07F295D-6960-4BA8-BCF8-14AC9E8E3901}.Ad-Hoc|x86.Build.0 = Release|Any CPU
		{D07F295D-6960-4BA8-BCF8-14AC9E8E3901}.Ad-Hoc|x86.Deploy.0 = Release|Any CPU
		{D07F295D-6960-4BA8-BCF8-14AC9E8E3901}.AppStore|Any CPU.ActiveCfg = Release|Any CPU
		{D07F295D-6960-4BA8-BCF8-14AC9E8E3901}.AppStore|Any CPU.Build.0 = Release|Any CPU
		{D07F295D-6960-4BA8-BCF8-14AC9E8E3901}.AppStore|Any CPU.Deploy.0 = Release|Any CPU
		{D07F295D-6960-4BA8-BCF8-14AC9E8E3901}.AppStore|ARM.ActiveCfg = Release|Any CPU
		{D07F295D-6960-4BA8-BCF8-14AC9E8E3901}.AppStore|ARM.Build.0 = Release|Any CPU
		{D07F295D-6960-4BA8-BCF8-14AC9E8E3901}.AppStore|ARM.Deploy.0 = Release|Any CPU
		{D07F295D-6960-4BA8-BCF8-14AC9E8E3901}.AppStore|iPhone.ActiveCfg = Release|Any CPU
		{D07F295D-6960-4BA8-BCF8-14AC9E8E3901}.AppStore|iPhone.Build.0 = Release|Any CPU
		{D07F295D-6960-4BA8-BCF8-14AC9E8E3901}.AppStore|iPhone.Deploy.0 = Release|Any CPU
		{D07F295D-6960-4BA8-BCF8-14AC9E8E3901}.AppStore|iPhoneSimulator.ActiveCfg = Release|Any CPU
		{D07F295D-6960-4BA8-BCF8-14AC9E8E3901}.AppStore|iPhoneSimulator.Build.0 = Release|Any CPU
		{D07F295D-6960-4BA8-BCF8-14AC9E8E3901}.AppStore|iPhoneSimulator.Deploy.0 = Release|Any CPU
		{D07F295D-6960-4BA8-BCF8-14AC9E8E3901}.AppStore|x64.ActiveCfg = Release|Any CPU
		{D07F295D-6960-4BA8-BCF8-14AC9E8E3901}.AppStore|x64.Build.0 = Release|Any CPU
		{D07F295D-6960-4BA8-BCF8-14AC9E8E3901}.AppStore|x64.Deploy.0 = Release|Any CPU
		{D07F295D-6960-4BA8-BCF8-14AC9E8E3901}.AppStore|x86.ActiveCfg = Release|Any CPU
		{D07F295D-6960-4BA8-BCF8-14AC9E8E3901}.AppStore|x86.Build.0 = Release|Any CPU
		{D07F295D-6960-4BA8-BCF8-14AC9E8E3901}.AppStore|x86.Deploy.0 = Release|Any CPU
		{D07F295D-6960-4BA8-BCF8-14AC9E8E3901}.Debug|Any CPU.ActiveCfg = Debug|Any CPU
		{D07F295D-6960-4BA8-BCF8-14AC9E8E3901}.Debug|Any CPU.Build.0 = Debug|Any CPU
		{D07F295D-6960-4BA8-BCF8-14AC9E8E3901}.Debug|Any CPU.Deploy.0 = Debug|Any CPU
		{D07F295D-6960-4BA8-BCF8-14AC9E8E3901}.Debug|ARM.ActiveCfg = Debug|Any CPU
		{D07F295D-6960-4BA8-BCF8-14AC9E8E3901}.Debug|ARM.Build.0 = Debug|Any CPU
		{D07F295D-6960-4BA8-BCF8-14AC9E8E3901}.Debug|ARM.Deploy.0 = Debug|Any CPU
		{D07F295D-6960-4BA8-BCF8-14AC9E8E3901}.Debug|iPhone.ActiveCfg = Debug|Any CPU
		{D07F295D-6960-4BA8-BCF8-14AC9E8E3901}.Debug|iPhone.Build.0 = Debug|Any CPU
		{D07F295D-6960-4BA8-BCF8-14AC9E8E3901}.Debug|iPhone.Deploy.0 = Debug|Any CPU
		{D07F295D-6960-4BA8-BCF8-14AC9E8E3901}.Debug|iPhoneSimulator.ActiveCfg = Debug|Any CPU
		{D07F295D-6960-4BA8-BCF8-14AC9E8E3901}.Debug|iPhoneSimulator.Build.0 = Debug|Any CPU
		{D07F295D-6960-4BA8-BCF8-14AC9E8E3901}.Debug|iPhoneSimulator.Deploy.0 = Debug|Any CPU
		{D07F295D-6960-4BA8-BCF8-14AC9E8E3901}.Debug|x64.ActiveCfg = Debug|Any CPU
		{D07F295D-6960-4BA8-BCF8-14AC9E8E3901}.Debug|x64.Build.0 = Debug|Any CPU
		{D07F295D-6960-4BA8-BCF8-14AC9E8E3901}.Debug|x64.Deploy.0 = Debug|Any CPU
		{D07F295D-6960-4BA8-BCF8-14AC9E8E3901}.Debug|x86.ActiveCfg = Debug|Any CPU
		{D07F295D-6960-4BA8-BCF8-14AC9E8E3901}.Debug|x86.Build.0 = Debug|Any CPU
		{D07F295D-6960-4BA8-BCF8-14AC9E8E3901}.Debug|x86.Deploy.0 = Debug|Any CPU
		{D07F295D-6960-4BA8-BCF8-14AC9E8E3901}.Release|Any CPU.ActiveCfg = Release|Any CPU
		{D07F295D-6960-4BA8-BCF8-14AC9E8E3901}.Release|Any CPU.Build.0 = Release|Any CPU
		{D07F295D-6960-4BA8-BCF8-14AC9E8E3901}.Release|Any CPU.Deploy.0 = Release|Any CPU
		{D07F295D-6960-4BA8-BCF8-14AC9E8E3901}.Release|ARM.ActiveCfg = Release|Any CPU
		{D07F295D-6960-4BA8-BCF8-14AC9E8E3901}.Release|ARM.Build.0 = Release|Any CPU
		{D07F295D-6960-4BA8-BCF8-14AC9E8E3901}.Release|ARM.Deploy.0 = Release|Any CPU
		{D07F295D-6960-4BA8-BCF8-14AC9E8E3901}.Release|iPhone.ActiveCfg = Release|Any CPU
		{D07F295D-6960-4BA8-BCF8-14AC9E8E3901}.Release|iPhone.Build.0 = Release|Any CPU
		{D07F295D-6960-4BA8-BCF8-14AC9E8E3901}.Release|iPhone.Deploy.0 = Release|Any CPU
		{D07F295D-6960-4BA8-BCF8-14AC9E8E3901}.Release|iPhoneSimulator.ActiveCfg = Release|Any CPU
		{D07F295D-6960-4BA8-BCF8-14AC9E8E3901}.Release|iPhoneSimulator.Build.0 = Release|Any CPU
		{D07F295D-6960-4BA8-BCF8-14AC9E8E3901}.Release|iPhoneSimulator.Deploy.0 = Release|Any CPU
		{D07F295D-6960-4BA8-BCF8-14AC9E8E3901}.Release|x64.ActiveCfg = Release|Any CPU
		{D07F295D-6960-4BA8-BCF8-14AC9E8E3901}.Release|x64.Build.0 = Release|Any CPU
		{D07F295D-6960-4BA8-BCF8-14AC9E8E3901}.Release|x64.Deploy.0 = Release|Any CPU
		{D07F295D-6960-4BA8-BCF8-14AC9E8E3901}.Release|x86.ActiveCfg = Release|Any CPU
		{D07F295D-6960-4BA8-BCF8-14AC9E8E3901}.Release|x86.Build.0 = Release|Any CPU
		{D07F295D-6960-4BA8-BCF8-14AC9E8E3901}.Release|x86.Deploy.0 = Release|Any CPU
		{49D0A9A2-CBC6-495C-B7D4-ADFF2A583652}.Ad-Hoc|Any CPU.ActiveCfg = Ad-Hoc|iPhone
		{49D0A9A2-CBC6-495C-B7D4-ADFF2A583652}.Ad-Hoc|Any CPU.Build.0 = Ad-Hoc|iPhone
		{49D0A9A2-CBC6-495C-B7D4-ADFF2A583652}.Ad-Hoc|Any CPU.Deploy.0 = Ad-Hoc|iPhone
		{49D0A9A2-CBC6-495C-B7D4-ADFF2A583652}.Ad-Hoc|ARM.ActiveCfg = Ad-Hoc|iPhone
		{49D0A9A2-CBC6-495C-B7D4-ADFF2A583652}.Ad-Hoc|ARM.Build.0 = Ad-Hoc|iPhone
		{49D0A9A2-CBC6-495C-B7D4-ADFF2A583652}.Ad-Hoc|ARM.Deploy.0 = Ad-Hoc|iPhone
		{49D0A9A2-CBC6-495C-B7D4-ADFF2A583652}.Ad-Hoc|iPhone.ActiveCfg = Ad-Hoc|iPhone
		{49D0A9A2-CBC6-495C-B7D4-ADFF2A583652}.Ad-Hoc|iPhone.Build.0 = Ad-Hoc|iPhone
		{49D0A9A2-CBC6-495C-B7D4-ADFF2A583652}.Ad-Hoc|iPhone.Deploy.0 = Ad-Hoc|iPhone
		{49D0A9A2-CBC6-495C-B7D4-ADFF2A583652}.Ad-Hoc|iPhoneSimulator.ActiveCfg = Ad-Hoc|iPhoneSimulator
		{49D0A9A2-CBC6-495C-B7D4-ADFF2A583652}.Ad-Hoc|iPhoneSimulator.Build.0 = Ad-Hoc|iPhoneSimulator
		{49D0A9A2-CBC6-495C-B7D4-ADFF2A583652}.Ad-Hoc|iPhoneSimulator.Deploy.0 = Ad-Hoc|iPhoneSimulator
		{49D0A9A2-CBC6-495C-B7D4-ADFF2A583652}.Ad-Hoc|x64.ActiveCfg = Ad-Hoc|iPhone
		{49D0A9A2-CBC6-495C-B7D4-ADFF2A583652}.Ad-Hoc|x64.Build.0 = Ad-Hoc|iPhone
		{49D0A9A2-CBC6-495C-B7D4-ADFF2A583652}.Ad-Hoc|x64.Deploy.0 = Ad-Hoc|iPhone
		{49D0A9A2-CBC6-495C-B7D4-ADFF2A583652}.Ad-Hoc|x86.ActiveCfg = Ad-Hoc|iPhone
		{49D0A9A2-CBC6-495C-B7D4-ADFF2A583652}.Ad-Hoc|x86.Build.0 = Ad-Hoc|iPhone
		{49D0A9A2-CBC6-495C-B7D4-ADFF2A583652}.Ad-Hoc|x86.Deploy.0 = Ad-Hoc|iPhone
		{49D0A9A2-CBC6-495C-B7D4-ADFF2A583652}.AppStore|Any CPU.ActiveCfg = AppStore|iPhone
		{49D0A9A2-CBC6-495C-B7D4-ADFF2A583652}.AppStore|Any CPU.Build.0 = AppStore|iPhone
		{49D0A9A2-CBC6-495C-B7D4-ADFF2A583652}.AppStore|Any CPU.Deploy.0 = AppStore|iPhone
		{49D0A9A2-CBC6-495C-B7D4-ADFF2A583652}.AppStore|ARM.ActiveCfg = AppStore|iPhone
		{49D0A9A2-CBC6-495C-B7D4-ADFF2A583652}.AppStore|ARM.Build.0 = AppStore|iPhone
		{49D0A9A2-CBC6-495C-B7D4-ADFF2A583652}.AppStore|ARM.Deploy.0 = AppStore|iPhone
		{49D0A9A2-CBC6-495C-B7D4-ADFF2A583652}.AppStore|iPhone.ActiveCfg = AppStore|iPhone
		{49D0A9A2-CBC6-495C-B7D4-ADFF2A583652}.AppStore|iPhone.Build.0 = AppStore|iPhone
		{49D0A9A2-CBC6-495C-B7D4-ADFF2A583652}.AppStore|iPhone.Deploy.0 = AppStore|iPhone
		{49D0A9A2-CBC6-495C-B7D4-ADFF2A583652}.AppStore|iPhoneSimulator.ActiveCfg = AppStore|iPhoneSimulator
		{49D0A9A2-CBC6-495C-B7D4-ADFF2A583652}.AppStore|iPhoneSimulator.Build.0 = AppStore|iPhoneSimulator
		{49D0A9A2-CBC6-495C-B7D4-ADFF2A583652}.AppStore|iPhoneSimulator.Deploy.0 = AppStore|iPhoneSimulator
		{49D0A9A2-CBC6-495C-B7D4-ADFF2A583652}.AppStore|x64.ActiveCfg = AppStore|iPhone
		{49D0A9A2-CBC6-495C-B7D4-ADFF2A583652}.AppStore|x64.Build.0 = AppStore|iPhone
		{49D0A9A2-CBC6-495C-B7D4-ADFF2A583652}.AppStore|x64.Deploy.0 = AppStore|iPhone
		{49D0A9A2-CBC6-495C-B7D4-ADFF2A583652}.AppStore|x86.ActiveCfg = AppStore|iPhone
		{49D0A9A2-CBC6-495C-B7D4-ADFF2A583652}.AppStore|x86.Build.0 = AppStore|iPhone
		{49D0A9A2-CBC6-495C-B7D4-ADFF2A583652}.AppStore|x86.Deploy.0 = AppStore|iPhone
		{49D0A9A2-CBC6-495C-B7D4-ADFF2A583652}.Debug|Any CPU.ActiveCfg = Debug|iPhoneSimulator
		{49D0A9A2-CBC6-495C-B7D4-ADFF2A583652}.Debug|Any CPU.Build.0 = Debug|iPhoneSimulator
		{49D0A9A2-CBC6-495C-B7D4-ADFF2A583652}.Debug|Any CPU.Deploy.0 = Debug|iPhoneSimulator
		{49D0A9A2-CBC6-495C-B7D4-ADFF2A583652}.Debug|ARM.ActiveCfg = Debug|iPhone
		{49D0A9A2-CBC6-495C-B7D4-ADFF2A583652}.Debug|ARM.Build.0 = Debug|iPhone
		{49D0A9A2-CBC6-495C-B7D4-ADFF2A583652}.Debug|ARM.Deploy.0 = Debug|iPhone
		{49D0A9A2-CBC6-495C-B7D4-ADFF2A583652}.Debug|iPhone.ActiveCfg = Debug|iPhone
		{49D0A9A2-CBC6-495C-B7D4-ADFF2A583652}.Debug|iPhone.Build.0 = Debug|iPhone
		{49D0A9A2-CBC6-495C-B7D4-ADFF2A583652}.Debug|iPhone.Deploy.0 = Debug|iPhone
		{49D0A9A2-CBC6-495C-B7D4-ADFF2A583652}.Debug|iPhoneSimulator.ActiveCfg = Debug|iPhoneSimulator
		{49D0A9A2-CBC6-495C-B7D4-ADFF2A583652}.Debug|iPhoneSimulator.Build.0 = Debug|iPhoneSimulator
		{49D0A9A2-CBC6-495C-B7D4-ADFF2A583652}.Debug|iPhoneSimulator.Deploy.0 = Debug|iPhoneSimulator
		{49D0A9A2-CBC6-495C-B7D4-ADFF2A583652}.Debug|x64.ActiveCfg = Debug|iPhone
		{49D0A9A2-CBC6-495C-B7D4-ADFF2A583652}.Debug|x64.Build.0 = Debug|iPhone
		{49D0A9A2-CBC6-495C-B7D4-ADFF2A583652}.Debug|x64.Deploy.0 = Debug|iPhone
		{49D0A9A2-CBC6-495C-B7D4-ADFF2A583652}.Debug|x86.ActiveCfg = Debug|iPhone
		{49D0A9A2-CBC6-495C-B7D4-ADFF2A583652}.Debug|x86.Build.0 = Debug|iPhone
		{49D0A9A2-CBC6-495C-B7D4-ADFF2A583652}.Debug|x86.Deploy.0 = Debug|iPhone
		{49D0A9A2-CBC6-495C-B7D4-ADFF2A583652}.Release|Any CPU.ActiveCfg = Release|iPhone
		{49D0A9A2-CBC6-495C-B7D4-ADFF2A583652}.Release|Any CPU.Build.0 = Release|iPhone
		{49D0A9A2-CBC6-495C-B7D4-ADFF2A583652}.Release|Any CPU.Deploy.0 = Release|iPhone
		{49D0A9A2-CBC6-495C-B7D4-ADFF2A583652}.Release|ARM.ActiveCfg = Release|iPhone
		{49D0A9A2-CBC6-495C-B7D4-ADFF2A583652}.Release|ARM.Build.0 = Release|iPhone
		{49D0A9A2-CBC6-495C-B7D4-ADFF2A583652}.Release|ARM.Deploy.0 = Release|iPhone
		{49D0A9A2-CBC6-495C-B7D4-ADFF2A583652}.Release|iPhone.ActiveCfg = Release|iPhone
		{49D0A9A2-CBC6-495C-B7D4-ADFF2A583652}.Release|iPhone.Build.0 = Release|iPhone
		{49D0A9A2-CBC6-495C-B7D4-ADFF2A583652}.Release|iPhone.Deploy.0 = Release|iPhone
		{49D0A9A2-CBC6-495C-B7D4-ADFF2A583652}.Release|iPhoneSimulator.ActiveCfg = Release|iPhoneSimulator
		{49D0A9A2-CBC6-495C-B7D4-ADFF2A583652}.Release|iPhoneSimulator.Build.0 = Release|iPhoneSimulator
		{49D0A9A2-CBC6-495C-B7D4-ADFF2A583652}.Release|iPhoneSimulator.Deploy.0 = Release|iPhoneSimulator
		{49D0A9A2-CBC6-495C-B7D4-ADFF2A583652}.Release|x64.ActiveCfg = Release|iPhone
		{49D0A9A2-CBC6-495C-B7D4-ADFF2A583652}.Release|x64.Build.0 = Release|iPhone
		{49D0A9A2-CBC6-495C-B7D4-ADFF2A583652}.Release|x64.Deploy.0 = Release|iPhone
		{49D0A9A2-CBC6-495C-B7D4-ADFF2A583652}.Release|x86.ActiveCfg = Release|iPhone
		{49D0A9A2-CBC6-495C-B7D4-ADFF2A583652}.Release|x86.Build.0 = Release|iPhone
		{49D0A9A2-CBC6-495C-B7D4-ADFF2A583652}.Release|x86.Deploy.0 = Release|iPhone
		{DE186B2C-6D70-4848-B5C0-0B6813ACB97D}.Ad-Hoc|Any CPU.ActiveCfg = Release|x86
		{DE186B2C-6D70-4848-B5C0-0B6813ACB97D}.Ad-Hoc|Any CPU.Build.0 = Release|x86
		{DE186B2C-6D70-4848-B5C0-0B6813ACB97D}.Ad-Hoc|Any CPU.Deploy.0 = Release|x86
		{DE186B2C-6D70-4848-B5C0-0B6813ACB97D}.Ad-Hoc|ARM.ActiveCfg = Release|ARM
		{DE186B2C-6D70-4848-B5C0-0B6813ACB97D}.Ad-Hoc|ARM.Build.0 = Release|ARM
		{DE186B2C-6D70-4848-B5C0-0B6813ACB97D}.Ad-Hoc|ARM.Deploy.0 = Release|ARM
		{DE186B2C-6D70-4848-B5C0-0B6813ACB97D}.Ad-Hoc|iPhone.ActiveCfg = Release|x86
		{DE186B2C-6D70-4848-B5C0-0B6813ACB97D}.Ad-Hoc|iPhone.Build.0 = Release|x86
		{DE186B2C-6D70-4848-B5C0-0B6813ACB97D}.Ad-Hoc|iPhone.Deploy.0 = Release|x86
		{DE186B2C-6D70-4848-B5C0-0B6813ACB97D}.Ad-Hoc|iPhoneSimulator.ActiveCfg = Release|x86
		{DE186B2C-6D70-4848-B5C0-0B6813ACB97D}.Ad-Hoc|iPhoneSimulator.Build.0 = Release|x86
		{DE186B2C-6D70-4848-B5C0-0B6813ACB97D}.Ad-Hoc|iPhoneSimulator.Deploy.0 = Release|x86
		{DE186B2C-6D70-4848-B5C0-0B6813ACB97D}.Ad-Hoc|x64.ActiveCfg = Release|x64
		{DE186B2C-6D70-4848-B5C0-0B6813ACB97D}.Ad-Hoc|x64.Build.0 = Release|x64
		{DE186B2C-6D70-4848-B5C0-0B6813ACB97D}.Ad-Hoc|x64.Deploy.0 = Release|x64
		{DE186B2C-6D70-4848-B5C0-0B6813ACB97D}.Ad-Hoc|x86.ActiveCfg = Release|x86
		{DE186B2C-6D70-4848-B5C0-0B6813ACB97D}.Ad-Hoc|x86.Build.0 = Release|x86
		{DE186B2C-6D70-4848-B5C0-0B6813ACB97D}.Ad-Hoc|x86.Deploy.0 = Release|x86
		{DE186B2C-6D70-4848-B5C0-0B6813ACB97D}.AppStore|Any CPU.ActiveCfg = Release|x86
		{DE186B2C-6D70-4848-B5C0-0B6813ACB97D}.AppStore|Any CPU.Build.0 = Release|x86
		{DE186B2C-6D70-4848-B5C0-0B6813ACB97D}.AppStore|Any CPU.Deploy.0 = Release|x86
		{DE186B2C-6D70-4848-B5C0-0B6813ACB97D}.AppStore|ARM.ActiveCfg = Release|ARM
		{DE186B2C-6D70-4848-B5C0-0B6813ACB97D}.AppStore|ARM.Build.0 = Release|ARM
		{DE186B2C-6D70-4848-B5C0-0B6813ACB97D}.AppStore|ARM.Deploy.0 = Release|ARM
		{DE186B2C-6D70-4848-B5C0-0B6813ACB97D}.AppStore|iPhone.ActiveCfg = Release|x86
		{DE186B2C-6D70-4848-B5C0-0B6813ACB97D}.AppStore|iPhone.Build.0 = Release|x86
		{DE186B2C-6D70-4848-B5C0-0B6813ACB97D}.AppStore|iPhone.Deploy.0 = Release|x86
		{DE186B2C-6D70-4848-B5C0-0B6813ACB97D}.AppStore|iPhoneSimulator.ActiveCfg = Release|x86
		{DE186B2C-6D70-4848-B5C0-0B6813ACB97D}.AppStore|iPhoneSimulator.Build.0 = Release|x86
		{DE186B2C-6D70-4848-B5C0-0B6813ACB97D}.AppStore|iPhoneSimulator.Deploy.0 = Release|x86
		{DE186B2C-6D70-4848-B5C0-0B6813ACB97D}.AppStore|x64.ActiveCfg = Release|x64
		{DE186B2C-6D70-4848-B5C0-0B6813ACB97D}.AppStore|x64.Build.0 = Release|x64
		{DE186B2C-6D70-4848-B5C0-0B6813ACB97D}.AppStore|x64.Deploy.0 = Release|x64
		{DE186B2C-6D70-4848-B5C0-0B6813ACB97D}.AppStore|x86.ActiveCfg = Release|x86
		{DE186B2C-6D70-4848-B5C0-0B6813ACB97D}.AppStore|x86.Build.0 = Release|x86
		{DE186B2C-6D70-4848-B5C0-0B6813ACB97D}.AppStore|x86.Deploy.0 = Release|x86
		{DE186B2C-6D70-4848-B5C0-0B6813ACB97D}.Debug|Any CPU.ActiveCfg = Debug|x86
		{DE186B2C-6D70-4848-B5C0-0B6813ACB97D}.Debug|Any CPU.Build.0 = Debug|x86
		{DE186B2C-6D70-4848-B5C0-0B6813ACB97D}.Debug|Any CPU.Deploy.0 = Debug|x86
		{DE186B2C-6D70-4848-B5C0-0B6813ACB97D}.Debug|ARM.ActiveCfg = Debug|ARM
		{DE186B2C-6D70-4848-B5C0-0B6813ACB97D}.Debug|ARM.Build.0 = Debug|ARM
		{DE186B2C-6D70-4848-B5C0-0B6813ACB97D}.Debug|ARM.Deploy.0 = Debug|ARM
		{DE186B2C-6D70-4848-B5C0-0B6813ACB97D}.Debug|iPhone.ActiveCfg = Debug|x86
		{DE186B2C-6D70-4848-B5C0-0B6813ACB97D}.Debug|iPhone.Build.0 = Debug|x86
		{DE186B2C-6D70-4848-B5C0-0B6813ACB97D}.Debug|iPhone.Deploy.0 = Debug|x86
		{DE186B2C-6D70-4848-B5C0-0B6813ACB97D}.Debug|iPhoneSimulator.ActiveCfg = Debug|x86
		{DE186B2C-6D70-4848-B5C0-0B6813ACB97D}.Debug|iPhoneSimulator.Build.0 = Debug|x86
		{DE186B2C-6D70-4848-B5C0-0B6813ACB97D}.Debug|iPhoneSimulator.Deploy.0 = Debug|x86
		{DE186B2C-6D70-4848-B5C0-0B6813ACB97D}.Debug|x64.ActiveCfg = Debug|x64
		{DE186B2C-6D70-4848-B5C0-0B6813ACB97D}.Debug|x64.Build.0 = Debug|x64
		{DE186B2C-6D70-4848-B5C0-0B6813ACB97D}.Debug|x64.Deploy.0 = Debug|x64
		{DE186B2C-6D70-4848-B5C0-0B6813ACB97D}.Debug|x86.ActiveCfg = Debug|x86
		{DE186B2C-6D70-4848-B5C0-0B6813ACB97D}.Debug|x86.Build.0 = Debug|x86
		{DE186B2C-6D70-4848-B5C0-0B6813ACB97D}.Debug|x86.Deploy.0 = Debug|x86
		{DE186B2C-6D70-4848-B5C0-0B6813ACB97D}.Release|Any CPU.ActiveCfg = Release|x86
		{DE186B2C-6D70-4848-B5C0-0B6813ACB97D}.Release|Any CPU.Build.0 = Release|x86
		{DE186B2C-6D70-4848-B5C0-0B6813ACB97D}.Release|Any CPU.Deploy.0 = Release|x86
		{DE186B2C-6D70-4848-B5C0-0B6813ACB97D}.Release|ARM.ActiveCfg = Release|ARM
		{DE186B2C-6D70-4848-B5C0-0B6813ACB97D}.Release|ARM.Build.0 = Release|ARM
		{DE186B2C-6D70-4848-B5C0-0B6813ACB97D}.Release|ARM.Deploy.0 = Release|ARM
		{DE186B2C-6D70-4848-B5C0-0B6813ACB97D}.Release|iPhone.ActiveCfg = Release|x86
		{DE186B2C-6D70-4848-B5C0-0B6813ACB97D}.Release|iPhone.Build.0 = Release|x86
		{DE186B2C-6D70-4848-B5C0-0B6813ACB97D}.Release|iPhone.Deploy.0 = Release|x86
		{DE186B2C-6D70-4848-B5C0-0B6813ACB97D}.Release|iPhoneSimulator.ActiveCfg = Release|x86
		{DE186B2C-6D70-4848-B5C0-0B6813ACB97D}.Release|iPhoneSimulator.Build.0 = Release|x86
		{DE186B2C-6D70-4848-B5C0-0B6813ACB97D}.Release|iPhoneSimulator.Deploy.0 = Release|x86
		{DE186B2C-6D70-4848-B5C0-0B6813ACB97D}.Release|x64.ActiveCfg = Release|x64
		{DE186B2C-6D70-4848-B5C0-0B6813ACB97D}.Release|x64.Build.0 = Release|x64
		{DE186B2C-6D70-4848-B5C0-0B6813ACB97D}.Release|x64.Deploy.0 = Release|x64
		{DE186B2C-6D70-4848-B5C0-0B6813ACB97D}.Release|x86.ActiveCfg = Release|x86
		{DE186B2C-6D70-4848-B5C0-0B6813ACB97D}.Release|x86.Build.0 = Release|x86
		{DE186B2C-6D70-4848-B5C0-0B6813ACB97D}.Release|x86.Deploy.0 = Release|x86
	EndGlobalSection
	GlobalSection(SolutionProperties) = preSolution
		HideSolutionNode = FALSE
	EndGlobalSection
	GlobalSection(ExtensibilityGlobals) = postSolution
		SolutionGuid = {82204623-BB54-48A2-A320-C441AFFC1041}
	EndGlobalSection
EndGlobal
